
Microsoft Visual Studio Solution File, Format Version 12.00
# Visual Studio Version 17
VisualStudioVersion = 17.0.31903.59
MinimumVisualStudioVersion = 10.0.40219.1
Project("{2150E333-8FDC-42A3-9474-1A3956D46DE8}") = "Solution Items", "Solution Items", "{CE857B53-A97B-4B34-ABA7-C49A9B0ADF34}"
	ProjectSection(SolutionItems) = preProject
		.editorconfig = .editorconfig
		.gitignore = .gitignore
		README.md = README.md
	EndProjectSection
EndProject
Project("{2150E333-8FDC-42A3-9474-1A3956D46DE8}") = "Source", "Source", "{11AF1692-204B-461A-9F45-EA4DBC1D0E0E}"
EndProject
Project("{9A19103F-16F7-4668-BE54-9A1E7A4F7556}") = "Application", "src\Application\Application.csproj", "{462B8BE7-21D1-45BA-8BD2-958F277F3DD5}"
EndProject
Project("{9A19103F-16F7-4668-BE54-9A1E7A4F7556}") = "Domain", "src\Domain\Domain.csproj", "{8213E27E-B36F-41C4-9085-C62FA733079C}"
EndProject
Project("{9A19103F-16F7-4668-BE54-9A1E7A4F7556}") = "Infrastructure", "src\Infrastructure\Infrastructure.csproj", "{E1BA5CCE-EED0-4DD8-A463-76DD614C88B7}"
EndProject
Project("{9A19103F-16F7-4668-BE54-9A1E7A4F7556}") = "WebUI", "src\WebUI\WebUI.csproj", "{EE8C6979-41C3-43BF-8671-65FB218DBAE2}"
EndProject
Global
	GlobalSection(SolutionConfigurationPlatforms) = preSolution
		Debug|Any CPU = Debug|Any CPU
		Release|Any CPU = Release|Any CPU
	EndGlobalSection
	GlobalSection(ProjectConfigurationPlatforms) = postSolution
		{462B8BE7-21D1-45BA-8BD2-958F277F3DD5}.Debug|Any CPU.ActiveCfg = Debug|Any CPU
		{462B8BE7-21D1-45BA-8BD2-958F277F3DD5}.Debug|Any CPU.Build.0 = Debug|Any CPU
		{462B8BE7-21D1-45BA-8BD2-958F277F3DD5}.Release|Any CPU.ActiveCfg = Release|Any CPU
		{462B8BE7-21D1-45BA-8BD2-958F277F3DD5}.Release|Any CPU.Build.0 = Release|Any CPU
		{8213E27E-B36F-41C4-9085-C62FA733079C}.Debug|Any CPU.ActiveCfg = Debug|Any CPU
		{8213E27E-B36F-41C4-9085-C62FA733079C}.Debug|Any CPU.Build.0 = Debug|Any CPU
		{8213E27E-B36F-41C4-9085-C62FA733079C}.Release|Any CPU.ActiveCfg = Release|Any CPU
		{8213E27E-B36F-41C4-9085-C62FA733079C}.Release|Any CPU.Build.0 = Release|Any CPU
		{E1BA5CCE-EED0-4DD8-A463-76DD614C88B7}.Debug|Any CPU.ActiveCfg = Debug|Any CPU
		{E1BA5CCE-EED0-4DD8-A463-76DD614C88B7}.Debug|Any CPU.Build.0 = Debug|Any CPU
		{E1BA5CCE-EED0-4DD8-A463-76DD614C88B7}.Release|Any CPU.ActiveCfg = Release|Any CPU
		{E1BA5CCE-EED0-4DD8-A463-76DD614C88B7}.Release|Any CPU.Build.0 = Release|Any CPU
		{EE8C6979-41C3-43BF-8671-65FB218DBAE2}.Debug|Any CPU.ActiveCfg = Debug|Any CPU
		{EE8C6979-41C3-43BF-8671-65FB218DBAE2}.Debug|Any CPU.Build.0 = Debug|Any CPU
		{EE8C6979-41C3-43BF-8671-65FB218DBAE2}.Release|Any CPU.ActiveCfg = Release|Any CPU
		{EE8C6979-41C3-43BF-8671-65FB218DBAE2}.Release|Any CPU.Build.0 = Release|Any CPU
	EndGlobalSection
	GlobalSection(SolutionProperties) = preSolution
		HideSolutionNode = FALSE
	EndGlobalSection
	GlobalSection(NestedProjects) = preSolution
		{462B8BE7-21D1-45BA-8BD2-958F277F3DD5} = {11AF1692-204B-461A-9F45-EA4DBC1D0E0E}
		{8213E27E-B36F-41C4-9085-C62FA733079C} = {11AF1692-204B-461A-9F45-EA4DBC1D0E0E}
		{E1BA5CCE-EED0-4DD8-A463-76DD614C88B7} = {11AF1692-204B-461A-9F45-EA4DBC1D0E0E}
		{EE8C6979-41C3-43BF-8671-65FB218DBAE2} = {11AF1692-204B-461A-9F45-EA4DBC1D0E0E}
	EndGlobalSection
	GlobalSection(ExtensibilityGlobals) = postSolution
		SolutionGuid = {59692685-707C-466A-BE96-51D4B6F36DBF}
	EndGlobalSection
EndGlobal
